
Microsoft Visual Studio Solution File, Format Version 12.00
# Visual Studio Version 16
VisualStudioVersion = 16.0.32802.440
MinimumVisualStudioVersion = 10.0.40219.1
Project("{FAE04EC0-301F-11D3-BF4B-00C04F79EFBC}") = "PresentationLayer", "PresentationLayer.csproj", "{14A9921D-95B6-447D-9AD1-CB37BB66AB4A}"
EndProject
Project("{FAE04EC0-301F-11D3-BF4B-00C04F79EFBC}") = "EntityLayer", "EntityLayer\EntityLayer.csproj", "{5BC4EB18-C359-40BA-9723-13A2CF1696DE}"
EndProject
Project("{FAE04EC0-301F-11D3-BF4B-00C04F79EFBC}") = "DataLinkLayer", "DataLinkLayer\DataLinkLayer.csproj", "{DFE87E9B-B637-4269-A002-DFAF79191CB5}"
EndProject
Project("{FAE04EC0-301F-11D3-BF4B-00C04F79EFBC}") = "BusinessLayer", "BusinessLayer\BusinessLayer.csproj", "{CA223DF4-D170-4D97-B06A-77A0ABFCE49E}"
EndProject
Global
	GlobalSection(SolutionConfigurationPlatforms) = preSolution
		Debug|Any CPU = Debug|Any CPU
		Release|Any CPU = Release|Any CPU
	EndGlobalSection
	GlobalSection(ProjectConfigurationPlatforms) = postSolution
		{14A9921D-95B6-447D-9AD1-CB37BB66AB4A}.Debug|Any CPU.ActiveCfg = Debug|Any CPU
		{14A9921D-95B6-447D-9AD1-CB37BB66AB4A}.Debug|Any CPU.Build.0 = Debug|Any CPU
		{14A9921D-95B6-447D-9AD1-CB37BB66AB4A}.Release|Any CPU.ActiveCfg = Release|Any CPU
		{14A9921D-95B6-447D-9AD1-CB37BB66AB4A}.Release|Any CPU.Build.0 = Release|Any CPU
		{5BC4EB18-C359-40BA-9723-13A2CF1696DE}.Debug|Any CPU.ActiveCfg = Debug|Any CPU
		{5BC4EB18-C359-40BA-9723-13A2CF1696DE}.Debug|Any CPU.Build.0 = Debug|Any CPU
		{5BC4EB18-C359-40BA-9723-13A2CF1696DE}.Release|Any CPU.ActiveCfg = Release|Any CPU
		{5BC4EB18-C359-40BA-9723-13A2CF1696DE}.Release|Any CPU.Build.0 = Release|Any CPU
		{DFE87E9B-B637-4269-A002-DFAF79191CB5}.Debug|Any CPU.ActiveCfg = Debug|Any CPU
		{DFE87E9B-B637-4269-A002-DFAF79191CB5}.Debug|Any CPU.Build.0 = Debug|Any CPU
		{DFE87E9B-B637-4269-A002-DFAF79191CB5}.Release|Any CPU.ActiveCfg = Release|Any CPU
		{DFE87E9B-B637-4269-A002-DFAF79191CB5}.Release|Any CPU.Build.0 = Release|Any CPU
		{CA223DF4-D170-4D97-B06A-77A0ABFCE49E}.Debug|Any CPU.ActiveCfg = Debug|Any CPU
		{CA223DF4-D170-4D97-B06A-77A0ABFCE49E}.Debug|Any CPU.Build.0 = Debug|Any CPU
		{CA223DF4-D170-4D97-B06A-77A0ABFCE49E}.Release|Any CPU.ActiveCfg = Release|Any CPU
		{CA223DF4-D170-4D97-B06A-77A0ABFCE49E}.Release|Any CPU.Build.0 = Release|Any CPU
	EndGlobalSection
	GlobalSection(SolutionProperties) = preSolution
		HideSolutionNode = FALSE
	EndGlobalSection
	GlobalSection(ExtensibilityGlobals) = postSolution
		SolutionGuid = {719BBA5D-E37A-4B07-8556-811ABC57460E}
	EndGlobalSection
EndGlobal
